
Microsoft Visual Studio Solution File, Format Version 12.00
# Visual Studio 15
VisualStudioVersion = 15.0.28307.1000
MinimumVisualStudioVersion = 10.0.40219.1
Project("{FAE04EC0-301F-11D3-BF4B-00C04F79EFBC}") = "FastSwitchDNS", "FastSwitchDNS\FastSwitchDNS.csproj", "{93997C69-4055-46F3-9CB6-DF6AE60F696B}"
EndProject
Global
	GlobalSection(SolutionConfigurationPlatforms) = preSolution
		Debug|Any CPU = Debug|Any CPU
		Release|Any CPU = Release|Any CPU
	EndGlobalSection
	GlobalSection(ProjectConfigurationPlatforms) = postSolution
		{93997C69-4055-46F3-9CB6-DF6AE60F696B}.Debug|Any CPU.ActiveCfg = Debug|Any CPU
		{93997C69-4055-46F3-9CB6-DF6AE60F696B}.Debug|Any CPU.Build.0 = Debug|Any CPU
		{93997C69-4055-46F3-9CB6-DF6AE60F696B}.Release|Any CPU.ActiveCfg = Release|Any CPU
		{93997C69-4055-46F3-9CB6-DF6AE60F696B}.Release|Any CPU.Build.0 = Release|Any CPU
	EndGlobalSection
	GlobalSection(SolutionProperties) = preSolution
		HideSolutionNode = FALSE
	EndGlobalSection
	GlobalSection(ExtensibilityGlobals) = postSolution
		SolutionGuid = {7D0ADE6B-E7D1-4BD1-9B81-CC1AD480030D}
	EndGlobalSection
EndGlobal
